// !$*UTF8*$!
{
	archiveVersion = 1;
	classes = {
	};
	objectVersion = 46;
	objects = {

/* Begin PBXBuildFile section */
		4F130D041F0E507500E7D5DC /* AppDelegate.swift in Sources */ = {isa = PBXBuildFile; fileRef = 4F130D031F0E507500E7D5DC /* AppDelegate.swift */; };
		4F130D061F0E507500E7D5DC /* SignInVC.swift in Sources */ = {isa = PBXBuildFile; fileRef = 4F130D051F0E507500E7D5DC /* SignInVC.swift */; };
		4F130D091F0E507500E7D5DC /* Main.storyboard in Resources */ = {isa = PBXBuildFile; fileRef = 4F130D071F0E507500E7D5DC /* Main.storyboard */; };
		4F130D0B1F0E507500E7D5DC /* Assets.xcassets in Resources */ = {isa = PBXBuildFile; fileRef = 4F130D0A1F0E507500E7D5DC /* Assets.xcassets */; };
		4F130D0E1F0E507500E7D5DC /* LaunchScreen.storyboard in Resources */ = {isa = PBXBuildFile; fileRef = 4F130D0C1F0E507500E7D5DC /* LaunchScreen.storyboard */; };
		4F130D161F0E518100E7D5DC /* GoogleService-Info.plist in Resources */ = {isa = PBXBuildFile; fileRef = 4F130D151F0E518100E7D5DC /* GoogleService-Info.plist */; };
		4F2F54411F12932D00DA8EC7 /* RoundedBtn.swift in Sources */ = {isa = PBXBuildFile; fileRef = 4F2F54401F12932D00DA8EC7 /* RoundedBtn.swift */; };
		4FABC8631F124DD000764860 /* FancyView.swift in Sources */ = {isa = PBXBuildFile; fileRef = 4FABC8621F124DD000764860 /* FancyView.swift */; };
		4FABC8661F124ECC00764860 /* Constants.swift in Sources */ = {isa = PBXBuildFile; fileRef = 4FABC8651F124ECC00764860 /* Constants.swift */; };
		4FC203E01F12ADB000FD149A /* FancyTextFeild.swift in Sources */ = {isa = PBXBuildFile; fileRef = 4FC203DF1F12ADAF00FD149A /* FancyTextFeild.swift */; };
		4FC203E21F12B1F000FD149A /* FancySignInBtn.swift in Sources */ = {isa = PBXBuildFile; fileRef = 4FC203E11F12B1F000FD149A /* FancySignInBtn.swift */; };
		67B35682C996B50DFF493319 /* Pods_DevslopsSocial.framework in Frameworks */ = {isa = PBXBuildFile; fileRef = A8243C3CEFB5D3743AAB3C33 /* Pods_DevslopsSocial.framework */; };
/* End PBXBuildFile section */

/* Begin PBXFileReference section */
		041381EB13797D78CBD64494 /* Pods-DevslopsSocial.release.xcconfig */ = {isa = PBXFileReference; includeInIndex = 1; lastKnownFileType = text.xcconfig; name = "Pods-DevslopsSocial.release.xcconfig"; path = "Pods/Target Support Files/Pods-DevslopsSocial/Pods-DevslopsSocial.release.xcconfig"; sourceTree = "<group>"; };
		13C314F89298568D2CAD973A /* Pods-DevslopsSocial.debug.xcconfig */ = {isa = PBXFileReference; includeInIndex = 1; lastKnownFileType = text.xcconfig; name = "Pods-DevslopsSocial.debug.xcconfig"; path = "Pods/Target Support Files/Pods-DevslopsSocial/Pods-DevslopsSocial.debug.xcconfig"; sourceTree = "<group>"; };
		4F130D001F0E507500E7D5DC /* DevslopsSocial.app */ = {isa = PBXFileReference; explicitFileType = wrapper.application; includeInIndex = 0; path = DevslopsSocial.app; sourceTree = BUILT_PRODUCTS_DIR; };
		4F130D031F0E507500E7D5DC /* AppDelegate.swift */ = {isa = PBXFileReference; lastKnownFileType = sourcecode.swift; path = AppDelegate.swift; sourceTree = "<group>"; };
		4F130D051F0E507500E7D5DC /* SignInVC.swift */ = {isa = PBXFileReference; lastKnownFileType = sourcecode.swift; path = SignInVC.swift; sourceTree = "<group>"; };
		4F130D081F0E507500E7D5DC /* Base */ = {isa = PBXFileReference; lastKnownFileType = file.storyboard; name = Base; path = Base.lproj/Main.storyboard; sourceTree = "<group>"; };
		4F130D0A1F0E507500E7D5DC /* Assets.xcassets */ = {isa = PBXFileReference; lastKnownFileType = folder.assetcatalog; path = Assets.xcassets; sourceTree = "<group>"; };
		4F130D0D1F0E507500E7D5DC /* Base */ = {isa = PBXFileReference; lastKnownFileType = file.storyboard; name = Base; path = Base.lproj/LaunchScreen.storyboard; sourceTree = "<group>"; };
		4F130D0F1F0E507500E7D5DC /* Info.plist */ = {isa = PBXFileReference; lastKnownFileType = text.plist.xml; path = Info.plist; sourceTree = "<group>"; };
		4F130D151F0E518100E7D5DC /* GoogleService-Info.plist */ = {isa = PBXFileReference; fileEncoding = 4; lastKnownFileType = text.plist.xml; path = "GoogleService-Info.plist"; sourceTree = "<group>"; };
		4F2F54401F12932D00DA8EC7 /* RoundedBtn.swift */ = {isa = PBXFileReference; fileEncoding = 4; lastKnownFileType = sourcecode.swift; path = RoundedBtn.swift; sourceTree = "<group>"; };
		4FABC8621F124DD000764860 /* FancyView.swift */ = {isa = PBXFileReference; fileEncoding = 4; lastKnownFileType = sourcecode.swift; path = FancyView.swift; sourceTree = "<group>"; };
		4FABC8651F124ECC00764860 /* Constants.swift */ = {isa = PBXFileReference; fileEncoding = 4; lastKnownFileType = sourcecode.swift; path = Constants.swift; sourceTree = "<group>"; };
		4FC203DF1F12ADAF00FD149A /* FancyTextFeild.swift */ = {isa = PBXFileReference; fileEncoding = 4; lastKnownFileType = sourcecode.swift; path = FancyTextFeild.swift; sourceTree = "<group>"; };
		4FC203E11F12B1F000FD149A /* FancySignInBtn.swift */ = {isa = PBXFileReference; fileEncoding = 4; lastKnownFileType = sourcecode.swift; path = FancySignInBtn.swift; sourceTree = "<group>"; };
		4FC203E31F13953C00FD149A /* DevslopsSocial.entitlements */ = {isa = PBXFileReference; lastKnownFileType = text.plist.entitlements; path = DevslopsSocial.entitlements; sourceTree = "<group>"; };
		A8243C3CEFB5D3743AAB3C33 /* Pods_DevslopsSocial.framework */ = {isa = PBXFileReference; explicitFileType = wrapper.framework; includeInIndex = 0; path = Pods_DevslopsSocial.framework; sourceTree = BUILT_PRODUCTS_DIR; };
/* End PBXFileReference section */

/* Begin PBXFrameworksBuildPhase section */
		4F130CFD1F0E507500E7D5DC /* Frameworks */ = {
			isa = PBXFrameworksBuildPhase;
			buildActionMask = 2147483647;
			files = (
				67B35682C996B50DFF493319 /* Pods_DevslopsSocial.framework in Frameworks */,
			);
			runOnlyForDeploymentPostprocessing = 0;
		};
/* End PBXFrameworksBuildPhase section */

/* Begin PBXGroup section */
		4F130CF71F0E507400E7D5DC = {
			isa = PBXGroup;
			children = (
				4F130D021F0E507500E7D5DC /* DevslopsSocial */,
				4F130D011F0E507500E7D5DC /* Products */,
				CD6B95DBE894547B94F73A73 /* Pods */,
				6C092EE4B44A0C764A2F6812 /* Frameworks */,
			);
			sourceTree = "<group>";
		};
		4F130D011F0E507500E7D5DC /* Products */ = {
			isa = PBXGroup;
			children = (
				4F130D001F0E507500E7D5DC /* DevslopsSocial.app */,
			);
			name = Products;
			sourceTree = "<group>";
		};
		4F130D021F0E507500E7D5DC /* DevslopsSocial */ = {
			isa = PBXGroup;
			children = (
				4FC203E31F13953C00FD149A /* DevslopsSocial.entitlements */,
				4FABC8641F124E7200764860 /* Utitlities */,
				4F130D191F0E550600E7D5DC /* Model */,
				4F130D181F0E54F500E7D5DC /* View */,
				4F130D171F0E54E300E7D5DC /* Controller */,
				4F130D031F0E507500E7D5DC /* AppDelegate.swift */,
				4F130D071F0E507500E7D5DC /* Main.storyboard */,
				4F130D0A1F0E507500E7D5DC /* Assets.xcassets */,
				4F130D0C1F0E507500E7D5DC /* LaunchScreen.storyboard */,
				4F130D151F0E518100E7D5DC /* GoogleService-Info.plist */,
				4F130D0F1F0E507500E7D5DC /* Info.plist */,
			);
			path = DevslopsSocial;
			sourceTree = "<group>";
		};
		4F130D171F0E54E300E7D5DC /* Controller */ = {
			isa = PBXGroup;
			children = (
				4F130D051F0E507500E7D5DC /* SignInVC.swift */,
			);
			name = Controller;
			sourceTree = "<group>";
		};
		4F130D181F0E54F500E7D5DC /* View */ = {
			isa = PBXGroup;
			children = (
				4FABC8621F124DD000764860 /* FancyView.swift */,
				4F2F54401F12932D00DA8EC7 /* RoundedBtn.swift */,
				4FC203DF1F12ADAF00FD149A /* FancyTextFeild.swift */,
				4FC203E11F12B1F000FD149A /* FancySignInBtn.swift */,
			);
			name = View;
			sourceTree = "<group>";
		};
		4F130D191F0E550600E7D5DC /* Model */ = {
			isa = PBXGroup;
			children = (
			);
			name = Model;
			sourceTree = "<group>";
		};
		4FABC8641F124E7200764860 /* Utitlities */ = {
			isa = PBXGroup;
			children = (
				4FABC8651F124ECC00764860 /* Constants.swift */,
			);
			name = Utitlities;
			sourceTree = "<group>";
		};
		6C092EE4B44A0C764A2F6812 /* Frameworks */ = {
			isa = PBXGroup;
			children = (
				A8243C3CEFB5D3743AAB3C33 /* Pods_DevslopsSocial.framework */,
			);
			name = Frameworks;
			sourceTree = "<group>";
		};
		CD6B95DBE894547B94F73A73 /* Pods */ = {
			isa = PBXGroup;
			children = (
				13C314F89298568D2CAD973A /* Pods-DevslopsSocial.debug.xcconfig */,
				041381EB13797D78CBD64494 /* Pods-DevslopsSocial.release.xcconfig */,
			);
			name = Pods;
			sourceTree = "<group>";
		};
/* End PBXGroup section */

/* Begin PBXNativeTarget section */
		4F130CFF1F0E507500E7D5DC /* DevslopsSocial */ = {
			isa = PBXNativeTarget;
			buildConfigurationList = 4F130D121F0E507500E7D5DC /* Build configuration list for PBXNativeTarget "DevslopsSocial" */;
			buildPhases = (
				FAC276974BEBCB539AE8D839 /* [CP] Check Pods Manifest.lock */,
				4F130CFC1F0E507500E7D5DC /* Sources */,
				4F130CFD1F0E507500E7D5DC /* Frameworks */,
				4F130CFE1F0E507500E7D5DC /* Resources */,
				80F17384776B968553643212 /* [CP] Embed Pods Frameworks */,
				74F9EBFC750BCC4C2F36A391 /* [CP] Copy Pods Resources */,
			);
			buildRules = (
			);
			dependencies = (
			);
			name = DevslopsSocial;
			productName = DevslopsSocial;
			productReference = 4F130D001F0E507500E7D5DC /* DevslopsSocial.app */;
			productType = "com.apple.product-type.application";
		};
/* End PBXNativeTarget section */

/* Begin PBXProject section */
		4F130CF81F0E507400E7D5DC /* Project object */ = {
			isa = PBXProject;
			attributes = {
				LastSwiftUpdateCheck = 0830;
				LastUpgradeCheck = 0830;
				ORGANIZATIONNAME = "Ibrahim Adam";
				TargetAttributes = {
					4F130CFF1F0E507500E7D5DC = {
						CreatedOnToolsVersion = 8.3.3;
						DevelopmentTeam = 9J43QTT374;
						ProvisioningStyle = Automatic;
						SystemCapabilities = {
							com.apple.Keychain = {
								enabled = 0;
							};
						};
					};
				};
			};
			buildConfigurationList = 4F130CFB1F0E507400E7D5DC /* Build configuration list for PBXProject "DevslopsSocial" */;
			compatibilityVersion = "Xcode 3.2";
			developmentRegion = English;
			hasScannedForEncodings = 0;
			knownRegions = (
				en,
				Base,
			);
			mainGroup = 4F130CF71F0E507400E7D5DC;
			productRefGroup = 4F130D011F0E507500E7D5DC /* Products */;
			projectDirPath = "";
			projectRoot = "";
			targets = (
				4F130CFF1F0E507500E7D5DC /* DevslopsSocial */,
			);
		};
/* End PBXProject section */

/* Begin PBXResourcesBuildPhase section */
		4F130CFE1F0E507500E7D5DC /* Resources */ = {
			isa = PBXResourcesBuildPhase;
			buildActionMask = 2147483647;
			files = (
				4F130D0E1F0E507500E7D5DC /* LaunchScreen.storyboard in Resources */,
				4F130D0B1F0E507500E7D5DC /* Assets.xcassets in Resources */,
				4F130D091F0E507500E7D5DC /* Main.storyboard in Resources */,
				4F130D161F0E518100E7D5DC /* GoogleService-Info.plist in Resources */,
			);
			runOnlyForDeploymentPostprocessing = 0;
		};
/* End PBXResourcesBuildPhase section */

/* Begin PBXShellScriptBuildPhase section */
		74F9EBFC750BCC4C2F36A391 /* [CP] Copy Pods Resources */ = {
			isa = PBXShellScriptBuildPhase;
			buildActionMask = 2147483647;
			files = (
			);
			inputPaths = (
			);
			name = "[CP] Copy Pods Resources";
			outputPaths = (
			);
			runOnlyForDeploymentPostprocessing = 0;
			shellPath = /bin/sh;
			shellScript = "\"${SRCROOT}/Pods/Target Support Files/Pods-DevslopsSocial/Pods-DevslopsSocial-resources.sh\"\n";
			showEnvVarsInLog = 0;
		};
		80F17384776B968553643212 /* [CP] Embed Pods Frameworks */ = {
			isa = PBXShellScriptBuildPhase;
			buildActionMask = 2147483647;
			files = (
			);
			inputPaths = (
			);
			name = "[CP] Embed Pods Frameworks";
			outputPaths = (
			);
			runOnlyForDeploymentPostprocessing = 0;
			shellPath = /bin/sh;
			shellScript = "\"${SRCROOT}/Pods/Target Support Files/Pods-DevslopsSocial/Pods-DevslopsSocial-frameworks.sh\"\n";
			showEnvVarsInLog = 0;
		};
		FAC276974BEBCB539AE8D839 /* [CP] Check Pods Manifest.lock */ = {
			isa = PBXShellScriptBuildPhase;
			buildActionMask = 2147483647;
			files = (
			);
			inputPaths = (
			);
			name = "[CP] Check Pods Manifest.lock";
			outputPaths = (
			);
			runOnlyForDeploymentPostprocessing = 0;
			shellPath = /bin/sh;
			shellScript = "diff \"${PODS_PODFILE_DIR_PATH}/Podfile.lock\" \"${PODS_ROOT}/Manifest.lock\" > /dev/null\nif [ $? != 0 ] ; then\n    # print error to STDERR\n    echo \"error: The sandbox is not in sync with the Podfile.lock. Run 'pod install' or update your CocoaPods installation.\" >&2\n    exit 1\nfi\n";
			showEnvVarsInLog = 0;
		};
/* End PBXShellScriptBuildPhase section */

/* Begin PBXSourcesBuildPhase section */
		4F130CFC1F0E507500E7D5DC /* Sources */ = {
			isa = PBXSourcesBuildPhase;
			buildActionMask = 2147483647;
			files = (
				4F130D061F0E507500E7D5DC /* SignInVC.swift in Sources */,
				4FC203E01F12ADB000FD149A /* FancyTextFeild.swift in Sources */,
				4F130D041F0E507500E7D5DC /* AppDelegate.swift in Sources */,
				4F2F54411F12932D00DA8EC7 /* RoundedBtn.swift in Sources */,
				4FC203E21F12B1F000FD149A /* FancySignInBtn.swift in Sources */,
				4FABC8631F124DD000764860 /* FancyView.swift in Sources */,
				4FABC8661F124ECC00764860 /* Constants.swift in Sources */,
			);
			runOnlyForDeploymentPostprocessing = 0;
		};
/* End PBXSourcesBuildPhase section */

/* Begin PBXVariantGroup section */
		4F130D071F0E507500E7D5DC /* Main.storyboard */ = {
			isa = PBXVariantGroup;
			children = (
				4F130D081F0E507500E7D5DC /* Base */,
			);
			name = Main.storyboard;
			sourceTree = "<group>";
		};
		4F130D0C1F0E507500E7D5DC /* LaunchScreen.storyboard */ = {
			isa = PBXVariantGroup;
			children = (
				4F130D0D1F0E507500E7D5DC /* Base */,
			);
			name = LaunchScreen.storyboard;
			sourceTree = "<group>";
		};
/* End PBXVariantGroup section */

/* Begin XCBuildConfiguration section */
		4F130D101F0E507500E7D5DC /* Debug */ = {
			isa = XCBuildConfiguration;
			buildSettings = {
				ALWAYS_SEARCH_USER_PATHS = NO;
				CLANG_ANALYZER_NONNULL = YES;
				CLANG_ANALYZER_NUMBER_OBJECT_CONVERSION = YES_AGGRESSIVE;
				CLANG_CXX_LANGUAGE_STANDARD = "gnu++0x";
				CLANG_CXX_LIBRARY = "libc++";
				CLANG_ENABLE_MODULES = YES;
				CLANG_ENABLE_OBJC_ARC = YES;
				CLANG_WARN_BOOL_CONVERSION = YES;
				CLANG_WARN_CONSTANT_CONVERSION = YES;
				CLANG_WARN_DIRECT_OBJC_ISA_USAGE = YES_ERROR;
				CLANG_WARN_DOCUMENTATION_COMMENTS = YES;
				CLANG_WARN_EMPTY_BODY = YES;
				CLANG_WARN_ENUM_CONVERSION = YES;
				CLANG_WARN_INFINITE_RECURSION = YES;
				CLANG_WARN_INT_CONVERSION = YES;
				CLANG_WARN_OBJC_ROOT_CLASS = YES_ERROR;
				CLANG_WARN_SUSPICIOUS_MOVE = YES;
				CLANG_WARN_UNREACHABLE_CODE = YES;
				CLANG_WARN__DUPLICATE_METHOD_MATCH = YES;
				"CODE_SIGN_IDENTITY[sdk=iphoneos*]" = "iPhone Developer";
				COPY_PHASE_STRIP = NO;
				DEBUG_INFORMATION_FORMAT = dwarf;
				ENABLE_STRICT_OBJC_MSGSEND = YES;
				ENABLE_TESTABILITY = YES;
				GCC_C_LANGUAGE_STANDARD = gnu99;
				GCC_DYNAMIC_NO_PIC = NO;
				GCC_NO_COMMON_BLOCKS = YES;
				GCC_OPTIMIZATION_LEVEL = 0;
				GCC_PREPROCESSOR_DEFINITIONS = (
					"DEBUG=1",
					"$(inherited)",
				);
				GCC_WARN_64_TO_32_BIT_CONVERSION = YES;
				GCC_WARN_ABOUT_RETURN_TYPE = YES_ERROR;
				GCC_WARN_UNDECLARED_SELECTOR = YES;
				GCC_WARN_UNINITIALIZED_AUTOS = YES_AGGRESSIVE;
				GCC_WARN_UNUSED_FUNCTION = YES;
				GCC_WARN_UNUSED_VARIABLE = YES;
				IPHONEOS_DEPLOYMENT_TARGET = 10.3;
				MTL_ENABLE_DEBUG_INFO = YES;
				ONLY_ACTIVE_ARCH = YES;
				SDKROOT = iphoneos;
				SWIFT_ACTIVE_COMPILATION_CONDITIONS = DEBUG;
				SWIFT_OPTIMIZATION_LEVEL = "-Onone";
				TARGETED_DEVICE_FAMILY = "1,2";
			};
			name = Debug;
		};
		4F130D111F0E507500E7D5DC /* Release */ = {
			isa = XCBuildConfiguration;
			buildSettings = {
				ALWAYS_SEARCH_USER_PATHS = NO;
				CLANG_ANALYZER_NONNULL = YES;
				CLANG_ANALYZER_NUMBER_OBJECT_CONVERSION = YES_AGGRESSIVE;
				CLANG_CXX_LANGUAGE_STANDARD = "gnu++0x";
				CLANG_CXX_LIBRARY = "libc++";
				CLANG_ENABLE_MODULES = YES;
				CLANG_ENABLE_OBJC_ARC = YES;
				CLANG_WARN_BOOL_CONVERSION = YES;
				CLANG_WARN_CONSTANT_CONVERSION = YES;
				CLANG_WARN_DIRECT_OBJC_ISA_USAGE = YES_ERROR;
				CLANG_WARN_DOCUMENTATION_COMMENTS = YES;
				CLANG_WARN_EMPTY_BODY = YES;
				CLANG_WARN_ENUM_CONVERSION = YES;
				CLANG_WARN_INFINITE_RECURSION = YES;
				CLANG_WARN_INT_CONVERSION = YES;
				CLANG_WARN_OBJC_ROOT_CLASS = YES_ERROR;
				CLANG_WARN_SUSPICIOUS_MOVE = YES;
				CLANG_WARN_UNREACHABLE_CODE = YES;
				CLANG_WARN__DUPLICATE_METHOD_MATCH = YES;
				"CODE_SIGN_IDENTITY[sdk=iphoneos*]" = "iPhone Developer";
				COPY_PHASE_STRIP = NO;
				DEBUG_INFORMATION_FORMAT = "dwarf-with-dsym";
				ENABLE_NS_ASSERTIONS = NO;
				ENABLE_STRICT_OBJC_MSGSEND = YES;
				GCC_C_LANGUAGE_STANDARD = gnu99;
				GCC_NO_COMMON_BLOCKS = YES;
				GCC_WARN_64_TO_32_BIT_CONVERSION = YES;
				GCC_WARN_ABOUT_RETURN_TYPE = YES_ERROR;
				GCC_WARN_UNDECLARED_SELECTOR = YES;
				GCC_WARN_UNINITIALIZED_AUTOS = YES_AGGRESSIVE;
				GCC_WARN_UNUSED_FUNCTION = YES;
				GCC_WARN_UNUSED_VARIABLE = YES;
				IPHONEOS_DEPLOYMENT_TARGET = 10.3;
				MTL_ENABLE_DEBUG_INFO = NO;
				SDKROOT = iphoneos;
				SWIFT_OPTIMIZATION_LEVEL = "-Owholemodule";
				TARGETED_DEVICE_FAMILY = "1,2";
				VALIDATE_PRODUCT = YES;
			};
			name = Release;
		};
		4F130D131F0E507500E7D5DC /* Debug */ = {
			isa = XCBuildConfiguration;
			baseConfigurationReference = 13C314F89298568D2CAD973A /* Pods-DevslopsSocial.debug.xcconfig */;
			buildSettings = {
				ASSETCATALOG_COMPILER_APPICON_NAME = AppIcon;
				DEVELOPMENT_TEAM = 9J43QTT374;
				INFOPLIST_FILE = DevslopsSocial/Info.plist;
				LD_RUNPATH_SEARCH_PATHS = "$(inherited) @executable_path/Frameworks";
				PRODUCT_BUNDLE_IDENTIFIER = Ibrahim.DevslopsSocial;
				PRODUCT_NAME = "$(TARGET_NAME)";
				SWIFT_VERSION = 3.0;
			};
			name = Debug;
		};
		4F130D141F0E507500E7D5DC /* Release */ = {
			isa = XCBuildConfiguration;
			baseConfigurationReference = 041381EB13797D78CBD64494 /* Pods-DevslopsSocial.release.xcconfig */;
			buildSettings = {
				ASSETCATALOG_COMPILER_APPICON_NAME = AppIcon;
				DEVELOPMENT_TEAM = 9J43QTT374;
				INFOPLIST_FILE = DevslopsSocial/Info.plist;
				LD_RUNPATH_SEARCH_PATHS = "$(inherited) @executable_path/Frameworks";
				PRODUCT_BUNDLE_IDENTIFIER = Ibrahim.DevslopsSocial;
				PRODUCT_NAME = "$(TARGET_NAME)";
				SWIFT_VERSION = 3.0;
			};
			name = Release;
		};
/* End XCBuildConfiguration section */

/* Begin XCConfigurationList section */
		4F130CFB1F0E507400E7D5DC /* Build configuration list for PBXProject "DevslopsSocial" */ = {
			isa = XCConfigurationList;
			buildConfigurations = (
				4F130D101F0E507500E7D5DC /* Debug */,
				4F130D111F0E507500E7D5DC /* Release */,
			);
			defaultConfigurationIsVisible = 0;
			defaultConfigurationName = Release;
		};
		4F130D121F0E507500E7D5DC /* Build configuration list for PBXNativeTarget "DevslopsSocial" */ = {
			isa = XCConfigurationList;
			buildConfigurations = (
				4F130D131F0E507500E7D5DC /* Debug */,
				4F130D141F0E507500E7D5DC /* Release */,
			);
			defaultConfigurationIsVisible = 0;
			defaultConfigurationName = Release;
		};
/* End XCConfigurationList section */
	};
	rootObject = 4F130CF81F0E507400E7D5DC /* Project object */;
}
